
Microsoft Visual Studio Solution File, Format Version 12.00
# Visual Studio 2013
VisualStudioVersion = 12.0.31101.0
MinimumVisualStudioVersion = 10.0.40219.1
Project("{FAE04EC0-301F-11D3-BF4B-00C04F79EFBC}") = "Stalagtite", "Stalagtite\Stalagtite.csproj", "{B9322958-3FCD-40C3-B4CC-6923C653D635}"
EndProject
Project("{FAE04EC0-301F-11D3-BF4B-00C04F79EFBC}") = "StalagtiteTests", "StalagtiteTests\StalagtiteTests.csproj", "{BB149F25-64FB-4A11-8866-E07979055B07}"
EndProject
Project("{FAE04EC0-301F-11D3-BF4B-00C04F79EFBC}") = "Runner", "Runner\Runner.csproj", "{5EB7ED06-EC7D-4786-9C31-69AF35473A1D}"
EndProject
Project("{2150E333-8FDC-42A3-9474-1A3956D46DE8}") = "Doc", "Doc", "{50ACD5BD-8404-4EAF-B346-7828A2B7E2D4}"
	ProjectSection(SolutionItems) = preProject
		.gitattributes = .gitattributes
		.gitignore = .gitignore
		LICENSE = LICENSE
		README.md = README.md
	EndProjectSection
EndProject
Global
	GlobalSection(SolutionConfigurationPlatforms) = preSolution
		Debug|Any CPU = Debug|Any CPU
		Release|Any CPU = Release|Any CPU
	EndGlobalSection
	GlobalSection(ProjectConfigurationPlatforms) = postSolution
		{B9322958-3FCD-40C3-B4CC-6923C653D635}.Debug|Any CPU.ActiveCfg = Debug|Any CPU
		{B9322958-3FCD-40C3-B4CC-6923C653D635}.Debug|Any CPU.Build.0 = Debug|Any CPU
		{B9322958-3FCD-40C3-B4CC-6923C653D635}.Release|Any CPU.ActiveCfg = Release|Any CPU
		{B9322958-3FCD-40C3-B4CC-6923C653D635}.Release|Any CPU.Build.0 = Release|Any CPU
		{BB149F25-64FB-4A11-8866-E07979055B07}.Debug|Any CPU.ActiveCfg = Debug|Any CPU
		{BB149F25-64FB-4A11-8866-E07979055B07}.Debug|Any CPU.Build.0 = Debug|Any CPU
		{BB149F25-64FB-4A11-8866-E07979055B07}.Release|Any CPU.ActiveCfg = Release|Any CPU
		{BB149F25-64FB-4A11-8866-E07979055B07}.Release|Any CPU.Build.0 = Release|Any CPU
		{5EB7ED06-EC7D-4786-9C31-69AF35473A1D}.Debug|Any CPU.ActiveCfg = Debug|Any CPU
		{5EB7ED06-EC7D-4786-9C31-69AF35473A1D}.Debug|Any CPU.Build.0 = Debug|Any CPU
		{5EB7ED06-EC7D-4786-9C31-69AF35473A1D}.Release|Any CPU.ActiveCfg = Release|Any CPU
		{5EB7ED06-EC7D-4786-9C31-69AF35473A1D}.Release|Any CPU.Build.0 = Release|Any CPU
	EndGlobalSection
	GlobalSection(SolutionProperties) = preSolution
		HideSolutionNode = FALSE
	EndGlobalSection
EndGlobal
